
Microsoft Visual Studio Solution File, Format Version 12.00
# Visual Studio 15
VisualStudioVersion = 15.0.28307.421
MinimumVisualStudioVersion = 10.0.40219.1
Project("{FAE04EC0-301F-11D3-BF4B-00C04F79EFBC}") = "GoogleApi", "GoogleApi.csproj", "{C31BCF41-A3F1-49DA-B82C-37CACB6BE218}"
EndProject
Global
	GlobalSection(SolutionConfigurationPlatforms) = preSolution
		Debug|Any CPU = Debug|Any CPU
		Release|Any CPU = Release|Any CPU
	EndGlobalSection
	GlobalSection(ProjectConfigurationPlatforms) = postSolution
		{C31BCF41-A3F1-49DA-B82C-37CACB6BE218}.Debug|Any CPU.ActiveCfg = Debug|Any CPU
		{C31BCF41-A3F1-49DA-B82C-37CACB6BE218}.Debug|Any CPU.Build.0 = Debug|Any CPU
		{C31BCF41-A3F1-49DA-B82C-37CACB6BE218}.Release|Any CPU.ActiveCfg = Release|Any CPU
		{C31BCF41-A3F1-49DA-B82C-37CACB6BE218}.Release|Any CPU.Build.0 = Release|Any CPU
	EndGlobalSection
	GlobalSection(SolutionProperties) = preSolution
		HideSolutionNode = FALSE
	EndGlobalSection
	GlobalSection(ExtensibilityGlobals) = postSolution
		SolutionGuid = {4660342C-F882-4359-AD4C-81A3B5CBD79D}
	EndGlobalSection
EndGlobal
